
Microsoft Visual Studio Solution File, Format Version 12.00
# Visual Studio 15
VisualStudioVersion = 15.0.27130.2027
MinimumVisualStudioVersion = 10.0.40219.1
Project("{FAE04EC0-301F-11D3-BF4B-00C04F79EFBC}") = "CreateDeviceIdentity", "FirstIotHubConnection\CreateDeviceIdentity.csproj", "{3BD36BC8-0B3E-41B9-A8FC-8F201120485C}"
EndProject
Project("{FAE04EC0-301F-11D3-BF4B-00C04F79EFBC}") = "ReadDeviceToCloudMessages", "ReadDeviceToCloudMessages\ReadDeviceToCloudMessages.csproj", "{AB7BA7D3-1C36-4B31-9575-E074843A3E47}"
EndProject
Project("{FAE04EC0-301F-11D3-BF4B-00C04F79EFBC}") = "SimulatedDevice", "SimulatedDevice\SimulatedDevice.csproj", "{EB5B1783-ABA8-427F-A915-5ED7873B5860}"
EndProject
Global
	GlobalSection(SolutionConfigurationPlatforms) = preSolution
		Debug|Any CPU = Debug|Any CPU
		Release|Any CPU = Release|Any CPU
	EndGlobalSection
	GlobalSection(ProjectConfigurationPlatforms) = postSolution
		{3BD36BC8-0B3E-41B9-A8FC-8F201120485C}.Debug|Any CPU.ActiveCfg = Debug|Any CPU
		{3BD36BC8-0B3E-41B9-A8FC-8F201120485C}.Debug|Any CPU.Build.0 = Debug|Any CPU
		{3BD36BC8-0B3E-41B9-A8FC-8F201120485C}.Release|Any CPU.ActiveCfg = Release|Any CPU
		{3BD36BC8-0B3E-41B9-A8FC-8F201120485C}.Release|Any CPU.Build.0 = Release|Any CPU
		{AB7BA7D3-1C36-4B31-9575-E074843A3E47}.Debug|Any CPU.ActiveCfg = Debug|Any CPU
		{AB7BA7D3-1C36-4B31-9575-E074843A3E47}.Debug|Any CPU.Build.0 = Debug|Any CPU
		{AB7BA7D3-1C36-4B31-9575-E074843A3E47}.Release|Any CPU.ActiveCfg = Release|Any CPU
		{AB7BA7D3-1C36-4B31-9575-E074843A3E47}.Release|Any CPU.Build.0 = Release|Any CPU
		{EB5B1783-ABA8-427F-A915-5ED7873B5860}.Debug|Any CPU.ActiveCfg = Debug|Any CPU
		{EB5B1783-ABA8-427F-A915-5ED7873B5860}.Debug|Any CPU.Build.0 = Debug|Any CPU
		{EB5B1783-ABA8-427F-A915-5ED7873B5860}.Release|Any CPU.ActiveCfg = Release|Any CPU
		{EB5B1783-ABA8-427F-A915-5ED7873B5860}.Release|Any CPU.Build.0 = Release|Any CPU
	EndGlobalSection
	GlobalSection(SolutionProperties) = preSolution
		HideSolutionNode = FALSE
	EndGlobalSection
	GlobalSection(ExtensibilityGlobals) = postSolution
		EnterpriseLibraryConfigurationToolBinariesPathV6 = packages\EnterpriseLibrary.TransientFaultHandling.6.0.1304.0\lib\portable-net45+win+wp8
		SolutionGuid = {A4B6F482-7DFE-4E24-B7E2-B8C446C92042}
	EndGlobalSection
EndGlobal
